
Microsoft Visual Studio Solution File, Format Version 12.00
# Visual Studio 2012
Project("{FAE04EC0-301F-11D3-BF4B-00C04F79EFBC}") = "RepairAnywhere", "RepairAnywhere\RepairAnywhere.csproj", "{CD02759F-D26C-4979-9F1A-915B7C11A12C}"
EndProject
Project("{FAE04EC0-301F-11D3-BF4B-00C04F79EFBC}") = "RepairAnywhere.Core.Entities", "RepairAnywhere.Core.Entities\RepairAnywhere.Core.Entities.csproj", "{3F42373A-6A7B-4172-A26D-C60E7F2E8A60}"
EndProject
Project("{FAE04EC0-301F-11D3-BF4B-00C04F79EFBC}") = "RepairAnywhere.core.Services.Interfaces", "ClassLibrary1\RepairAnywhere.core.Services.Interfaces.csproj", "{8B665A02-80E4-428E-ABD8-657B5562E9CD}"
EndProject
Project("{FAE04EC0-301F-11D3-BF4B-00C04F79EFBC}") = "RepairAnywhere.core.Services", "RepairAnywhere.core.Services\RepairAnywhere.core.Services.csproj", "{BE0E04FC-7074-45DA-8EF9-3F0F571E4014}"
EndProject
Global
	GlobalSection(SolutionConfigurationPlatforms) = preSolution
		Debug|Any CPU = Debug|Any CPU
		Release|Any CPU = Release|Any CPU
	EndGlobalSection
	GlobalSection(ProjectConfigurationPlatforms) = postSolution
		{CD02759F-D26C-4979-9F1A-915B7C11A12C}.Debug|Any CPU.ActiveCfg = Debug|Any CPU
		{CD02759F-D26C-4979-9F1A-915B7C11A12C}.Debug|Any CPU.Build.0 = Debug|Any CPU
		{CD02759F-D26C-4979-9F1A-915B7C11A12C}.Release|Any CPU.ActiveCfg = Release|Any CPU
		{CD02759F-D26C-4979-9F1A-915B7C11A12C}.Release|Any CPU.Build.0 = Release|Any CPU
		{3F42373A-6A7B-4172-A26D-C60E7F2E8A60}.Debug|Any CPU.ActiveCfg = Debug|Any CPU
		{3F42373A-6A7B-4172-A26D-C60E7F2E8A60}.Debug|Any CPU.Build.0 = Debug|Any CPU
		{3F42373A-6A7B-4172-A26D-C60E7F2E8A60}.Release|Any CPU.ActiveCfg = Release|Any CPU
		{3F42373A-6A7B-4172-A26D-C60E7F2E8A60}.Release|Any CPU.Build.0 = Release|Any CPU
		{8B665A02-80E4-428E-ABD8-657B5562E9CD}.Debug|Any CPU.ActiveCfg = Debug|Any CPU
		{8B665A02-80E4-428E-ABD8-657B5562E9CD}.Debug|Any CPU.Build.0 = Debug|Any CPU
		{8B665A02-80E4-428E-ABD8-657B5562E9CD}.Release|Any CPU.ActiveCfg = Release|Any CPU
		{8B665A02-80E4-428E-ABD8-657B5562E9CD}.Release|Any CPU.Build.0 = Release|Any CPU
		{BE0E04FC-7074-45DA-8EF9-3F0F571E4014}.Debug|Any CPU.ActiveCfg = Debug|Any CPU
		{BE0E04FC-7074-45DA-8EF9-3F0F571E4014}.Debug|Any CPU.Build.0 = Debug|Any CPU
		{BE0E04FC-7074-45DA-8EF9-3F0F571E4014}.Release|Any CPU.ActiveCfg = Release|Any CPU
		{BE0E04FC-7074-45DA-8EF9-3F0F571E4014}.Release|Any CPU.Build.0 = Release|Any CPU
	EndGlobalSection
	GlobalSection(SolutionProperties) = preSolution
		HideSolutionNode = FALSE
	EndGlobalSection
EndGlobal
